name: 파일 업로드 및 수정 검사

on:
  push:
    branches:
      - main # 작업을 수행할 브랜치 선택 (원하는 브랜치로 변경하세요)

jobs:
  check_file_changes:
    runs-on: ubuntu-latest

    steps:
      - name: 코드 체크아웃
        uses: actions/checkout@v2

      - name: 파일 변경 확인
        id: file_changed
        run: |
          git diff --name-only ${{ github.event.before }} ${{ github.sha }} > changed_files.txt
          if [[ -s changed_files.txt ]]; then
            echo "파일이 변경되었습니다."
            echo ::set-output name=changed::true
          else
            echo "파일 변경이 없습니다."
            echo ::set-output name=changed::false
          fi

      - name: 파일 업로드 또는 수정
        if: steps.file_changed.outputs.changed == 'true'
        run: |
          echo "되는군"

